
Microsoft Visual Studio Solution File, Format Version 12.00
# Visual Studio 15
VisualStudioVersion = 15.0.28306.52
MinimumVisualStudioVersion = 10.0.40219.1
Project("{FAE04EC0-301F-11D3-BF4B-00C04F79EFBC}") = "StarWars5e.Models", "StarWars5e.Models\StarWars5e.Models.csproj", "{0ADC6A0E-ABD2-47F8-9772-D64BB1B3EAEC}"
EndProject
Global
	GlobalSection(SolutionConfigurationPlatforms) = preSolution
		Debug|Any CPU = Debug|Any CPU
		Release|Any CPU = Release|Any CPU
	EndGlobalSection
	GlobalSection(ProjectConfigurationPlatforms) = postSolution
		{0ADC6A0E-ABD2-47F8-9772-D64BB1B3EAEC}.Debug|Any CPU.ActiveCfg = Debug|Any CPU
		{0ADC6A0E-ABD2-47F8-9772-D64BB1B3EAEC}.Debug|Any CPU.Build.0 = Debug|Any CPU
		{0ADC6A0E-ABD2-47F8-9772-D64BB1B3EAEC}.Release|Any CPU.ActiveCfg = Release|Any CPU
		{0ADC6A0E-ABD2-47F8-9772-D64BB1B3EAEC}.Release|Any CPU.Build.0 = Release|Any CPU
	EndGlobalSection
	GlobalSection(SolutionProperties) = preSolution
		HideSolutionNode = FALSE
	EndGlobalSection
	GlobalSection(ExtensibilityGlobals) = postSolution
		SolutionGuid = {3F9930B0-064C-4475-8720-B3D0C35F59F7}
	EndGlobalSection
EndGlobal
